PODS:
  - CDEvents (1.2.2)
  - RHPreferences (1.0.0)
  - Sparkle (1.11.0)

DEPENDENCIES:
  - CDEvents
  - RHPreferences
  - Sparkle (~> 1.10)

SPEC CHECKSUMS:
  CDEvents: f311f23de13414f4b3625f1a663b2e1d9a85d982
  RHPreferences: 6871f9614347f4b45197c51f7c93c3cde2744ce8
  Sparkle: cf10103ef35fd89caa35373bfd772c5d6f9c7d73

COCOAPODS: 0.39.0
