// !$*UTF8*$!
{
	archiveVersion = 1;
	classes = {
	};
	objectVersion = 46;
	objects = {

/* Begin PBXBuildFile section */
		8A23F3B41AA913FC00F1467C /* GeneralPreferencesViewController.m in Sources */ = {isa = PBXBuildFile; fileRef = 8A23F3B21AA913FC00F1467C /* GeneralPreferencesViewController.m */; };
		8A23F3B51AA913FC00F1467C /* GeneralPreferencesViewController.xib in Resources */ = {isa = PBXBuildFile; fileRef = 8A23F3B31AA913FC00F1467C /* GeneralPreferencesViewController.xib */; };
		8A23F3B91AA9141500F1467C /* WineCfgViewController.m in Sources */ = {isa = PBXBuildFile; fileRef = 8A23F3B71AA9141500F1467C /* WineCfgViewController.m */; };
		8A23F3BA1AA9141500F1467C /* WineCfgViewController.xib in Resources */ = {isa = PBXBuildFile; fileRef = 8A23F3B81AA9141500F1467C /* WineCfgViewController.xib */; };
		8A23F3C01AA91EF600F1467C /* MainMenu.xib in Resources */ = {isa = PBXBuildFile; fileRef = 8A23F3BE1AA91EF600F1467C /* MainMenu.xib */; };
		8A23F3C31AA9237A00F1467C /* usr in Resources */ = {isa = PBXBuildFile; fileRef = 8A23F3C21AA9237900F1467C /* usr */; };
		8A88B0551AAFAB200046B828 /* PrefixesController.m in Sources */ = {isa = PBXBuildFile; fileRef = 8A88B0541AAFAB200046B828 /* PrefixesController.m */; };
		8AE52F031AB10EAE00B03327 /* Executable.icns in Resources */ = {isa = PBXBuildFile; fileRef = 8AE52F021AB10EAE00B03327 /* Executable.icns */; };
		AC1957DD1AA52D920077A25C /* RHPreferences.framework in Frameworks */ = {isa = PBXBuildFile; fileRef = AC1957D81AA52D770077A25C /* RHPreferences.framework */; };
		AC1957DE1AA52D920077A25C /* RHPreferences.framework in Embed Frameworks */ = {isa = PBXBuildFile; fileRef = AC1957D81AA52D770077A25C /* RHPreferences.framework */; settings = {ATTRIBUTES = (CodeSignOnCopy, RemoveHeadersOnCopy, ); }; };
		AC3A4EE21AA12F9A00781626 /* main.m in Sources */ = {isa = PBXBuildFile; fileRef = AC3A4EE11AA12F9A00781626 /* main.m */; };
		AC3A4EE51AA12F9A00781626 /* ApplicationController.m in Sources */ = {isa = PBXBuildFile; fileRef = AC3A4EE41AA12F9A00781626 /* ApplicationController.m */; };
		AC6E1DAB1AA3ED0D00282977 /* Credits.rtf in Resources */ = {isa = PBXBuildFile; fileRef = AC6E1DAA1AA3ED0D00282977 /* Credits.rtf */; };
		ACA9D6171AA7E41A00194089 /* winecfg.png in Resources */ = {isa = PBXBuildFile; fileRef = ACA9D6161AA7E41A00194089 /* winecfg.png */; };
		ACA9D61A1AA7E60A00194089 /* WinePrefix.m in Sources */ = {isa = PBXBuildFile; fileRef = ACA9D6191AA7E60A00194089 /* WinePrefix.m */; };
		ACB107DA1AA3B8F900E031F5 /* Icon.icns in Resources */ = {isa = PBXBuildFile; fileRef = ACB107D71AA3B8F900E031F5 /* Icon.icns */; };
		ACB107DB1AA3B8F900E031F5 /* Icon16.png in Resources */ = {isa = PBXBuildFile; fileRef = ACB107D81AA3B8F900E031F5 /* Icon16.png */; };
		ACB107DC1AA3B8F900E031F5 /* Icon32.png in Resources */ = {isa = PBXBuildFile; fileRef = ACB107D91AA3B8F900E031F5 /* Icon32.png */; };
/* End PBXBuildFile section */

/* Begin PBXCopyFilesBuildPhase section */
		AC1957DF1AA52D920077A25C /* Embed Frameworks */ = {
			isa = PBXCopyFilesBuildPhase;
			buildActionMask = 2147483647;
			dstPath = "";
			dstSubfolderSpec = 10;
			files = (
				AC1957DE1AA52D920077A25C /* RHPreferences.framework in Embed Frameworks */,
			);
			name = "Embed Frameworks";
			runOnlyForDeploymentPostprocessing = 0;
		};
/* End PBXCopyFilesBuildPhase section */

/* Begin PBXFileReference section */
		8A23F3B11AA913FC00F1467C /* GeneralPreferencesViewController.h */ = {isa = PBXFileReference; fileEncoding = 4; lastKnownFileType = sourcecode.c.h; name = GeneralPreferencesViewController.h; path = Vindo/GeneralPreferencesViewController.h; sourceTree = "<group>"; };
		8A23F3B21AA913FC00F1467C /* GeneralPreferencesViewController.m */ = {isa = PBXFileReference; fileEncoding = 4; lastKnownFileType = sourcecode.c.objc; name = GeneralPreferencesViewController.m; path = Vindo/GeneralPreferencesViewController.m; sourceTree = "<group>"; };
		8A23F3B31AA913FC00F1467C /* GeneralPreferencesViewController.xib */ = {isa = PBXFileReference; fileEncoding = 4; lastKnownFileType = file.xib; name = GeneralPreferencesViewController.xib; path = Vindo/GeneralPreferencesViewController.xib; sourceTree = "<group>"; };
		8A23F3B61AA9141500F1467C /* WineCfgViewController.h */ = {isa = PBXFileReference; fileEncoding = 4; lastKnownFileType = sourcecode.c.h; name = WineCfgViewController.h; path = Vindo/WineCfgViewController.h; sourceTree = "<group>"; };
		8A23F3B71AA9141500F1467C /* WineCfgViewController.m */ = {isa = PBXFileReference; fileEncoding = 4; lastKnownFileType = sourcecode.c.objc; name = WineCfgViewController.m; path = Vindo/WineCfgViewController.m; sourceTree = "<group>"; };
		8A23F3B81AA9141500F1467C /* WineCfgViewController.xib */ = {isa = PBXFileReference; fileEncoding = 4; lastKnownFileType = file.xib; name = WineCfgViewController.xib; path = Vindo/WineCfgViewController.xib; sourceTree = "<group>"; };
		8A23F3BD1AA91EF600F1467C /* Info.plist */ = {isa = PBXFileReference; fileEncoding = 4; lastKnownFileType = text.plist.xml; path = Info.plist; sourceTree = "<group>"; };
		8A23F3BE1AA91EF600F1467C /* MainMenu.xib */ = {isa = PBXFileReference; fileEncoding = 4; lastKnownFileType = file.xib; name = MainMenu.xib; path = Vindo/MainMenu.xib; sourceTree = "<group>"; };
		8A23F3C21AA9237900F1467C /* usr */ = {isa = PBXFileReference; lastKnownFileType = folder; name = usr; path = Vindo/usr; sourceTree = "<group>"; };
		8A88B0531AAFAB200046B828 /* PrefixesController.h */ = {isa = PBXFileReference; fileEncoding = 4; lastKnownFileType = sourcecode.c.h; name = PrefixesController.h; path = Vindo/PrefixesController.h; sourceTree = "<group>"; };
		8A88B0541AAFAB200046B828 /* PrefixesController.m */ = {isa = PBXFileReference; fileEncoding = 4; lastKnownFileType = sourcecode.c.objc; name = PrefixesController.m; path = Vindo/PrefixesController.m; sourceTree = "<group>"; };
		8AE52F021AB10EAE00B03327 /* Executable.icns */ = {isa = PBXFileReference; lastKnownFileType = image.icns; path = Executable.icns; sourceTree = "<group>"; };
		AC1957D81AA52D770077A25C /* RHPreferences.framework */ = {isa = PBXFileReference; lastKnownFileType = wrapper.framework; path = RHPreferences.framework; sourceTree = "<group>"; };
		AC3A4EDC1AA12F9900781626 /* Vindo.app */ = {isa = PBXFileReference; explicitFileType = wrapper.application; includeInIndex = 0; path = Vindo.app; sourceTree = BUILT_PRODUCTS_DIR; };
		AC3A4EE11AA12F9A00781626 /* main.m */ = {isa = PBXFileReference; lastKnownFileType = sourcecode.c.objc; path = main.m; sourceTree = "<group>"; };
		AC3A4EE31AA12F9A00781626 /* ApplicationController.h */ = {isa = PBXFileReference; lastKnownFileType = sourcecode.c.h; name = ApplicationController.h; path = Vindo/ApplicationController.h; sourceTree = "<group>"; };
		AC3A4EE41AA12F9A00781626 /* ApplicationController.m */ = {isa = PBXFileReference; lastKnownFileType = sourcecode.c.objc; name = ApplicationController.m; path = Vindo/ApplicationController.m; sourceTree = "<group>"; };
		AC6E1DAA1AA3ED0D00282977 /* Credits.rtf */ = {isa = PBXFileReference; fileEncoding = 4; lastKnownFileType = text.rtf; name = Credits.rtf; path = Vindo/Credits.rtf; sourceTree = "<group>"; };
		ACA9D6161AA7E41A00194089 /* winecfg.png */ = {isa = PBXFileReference; lastKnownFileType = image.png; name = winecfg.png; path = Vindo/winecfg.png; sourceTree = "<group>"; };
		ACA9D6181AA7E60A00194089 /* WinePrefix.h */ = {isa = PBXFileReference; fileEncoding = 4; lastKnownFileType = sourcecode.c.h; name = WinePrefix.h; path = Vindo/WinePrefix.h; sourceTree = "<group>"; };
		ACA9D6191AA7E60A00194089 /* WinePrefix.m */ = {isa = PBXFileReference; fileEncoding = 4; lastKnownFileType = sourcecode.c.objc; name = WinePrefix.m; path = Vindo/WinePrefix.m; sourceTree = "<group>"; };
		ACB107D71AA3B8F900E031F5 /* Icon.icns */ = {isa = PBXFileReference; lastKnownFileType = image.icns; name = Icon.icns; path = Vindo/Icon.icns; sourceTree = "<group>"; };
		ACB107D81AA3B8F900E031F5 /* Icon16.png */ = {isa = PBXFileReference; lastKnownFileType = image.png; name = Icon16.png; path = Vindo/Icon16.png; sourceTree = "<group>"; };
		ACB107D91AA3B8F900E031F5 /* Icon32.png */ = {isa = PBXFileReference; lastKnownFileType = image.png; name = Icon32.png; path = Vindo/Icon32.png; sourceTree = "<group>"; };
/* End PBXFileReference section */

/* Begin PBXFrameworksBuildPhase section */
		AC3A4ED91AA12F9900781626 /* Frameworks */ = {
			isa = PBXFrameworksBuildPhase;
			buildActionMask = 2147483647;
			files = (
				AC1957DD1AA52D920077A25C /* RHPreferences.framework in Frameworks */,
			);
			runOnlyForDeploymentPostprocessing = 0;
		};
/* End PBXFrameworksBuildPhase section */

/* Begin PBXGroup section */
		8A655B7C1AA6773E00FFCD0C /* Resources */ = {
			isa = PBXGroup;
			children = (
				8A23F3C21AA9237900F1467C /* usr */,
				ACB107D71AA3B8F900E031F5 /* Icon.icns */,
				8AE52F021AB10EAE00B03327 /* Executable.icns */,
				8A23F3BE1AA91EF600F1467C /* MainMenu.xib */,
				AC6E1DAA1AA3ED0D00282977 /* Credits.rtf */,
				ACB107D81AA3B8F900E031F5 /* Icon16.png */,
				ACB107D91AA3B8F900E031F5 /* Icon32.png */,
			);
			name = Resources;
			sourceTree = "<group>";
		};
		AC1957C11AA52A980077A25C /* General */ = {
			isa = PBXGroup;
			children = (
				8A23F3B11AA913FC00F1467C /* GeneralPreferencesViewController.h */,
				8A23F3B21AA913FC00F1467C /* GeneralPreferencesViewController.m */,
				8A23F3B31AA913FC00F1467C /* GeneralPreferencesViewController.xib */,
			);
			name = General;
			sourceTree = "<group>";
		};
		AC1957C21AA52AB50077A25C /* Preferences */ = {
			isa = PBXGroup;
			children = (
				AC1957C11AA52A980077A25C /* General */,
				ACA9D6101AA7E2B500194089 /* Wine Control Panel */,
			);
			name = Preferences;
			sourceTree = "<group>";
		};
		AC1957D01AA52BB10077A25C /* Frameworks */ = {
			isa = PBXGroup;
			children = (
				AC1957D81AA52D770077A25C /* RHPreferences.framework */,
			);
			name = Frameworks;
			sourceTree = "<group>";
		};
		AC3A4ED31AA12F9900781626 = {
			isa = PBXGroup;
			children = (
				AC8DB5AF1AA130A1000A6C51 /* Classes */,
				AC1957C21AA52AB50077A25C /* Preferences */,
				8A655B7C1AA6773E00FFCD0C /* Resources */,
				AC3A4EDF1AA12F9A00781626 /* Supporting Files */,
				AC1957D01AA52BB10077A25C /* Frameworks */,
				AC3A4EDD1AA12F9900781626 /* Products */,
			);
			sourceTree = "<group>";
		};
		AC3A4EDD1AA12F9900781626 /* Products */ = {
			isa = PBXGroup;
			children = (
				AC3A4EDC1AA12F9900781626 /* Vindo.app */,
			);
			name = Products;
			sourceTree = "<group>";
		};
		AC3A4EDF1AA12F9A00781626 /* Supporting Files */ = {
			isa = PBXGroup;
			children = (
				8A23F3BD1AA91EF600F1467C /* Info.plist */,
				AC3A4EE11AA12F9A00781626 /* main.m */,
			);
			name = "Supporting Files";
			path = Vindo;
			sourceTree = "<group>";
		};
		AC8DB5AF1AA130A1000A6C51 /* Classes */ = {
			isa = PBXGroup;
			children = (
				ACA9D6181AA7E60A00194089 /* WinePrefix.h */,
				ACA9D6191AA7E60A00194089 /* WinePrefix.m */,
				8A88B0531AAFAB200046B828 /* PrefixesController.h */,
				8A88B0541AAFAB200046B828 /* PrefixesController.m */,
				AC3A4EE31AA12F9A00781626 /* ApplicationController.h */,
				AC3A4EE41AA12F9A00781626 /* ApplicationController.m */,
			);
			name = Classes;
			sourceTree = "<group>";
		};
		ACA9D6101AA7E2B500194089 /* Wine Control Panel */ = {
			isa = PBXGroup;
			children = (
				8A23F3B61AA9141500F1467C /* WineCfgViewController.h */,
				8A23F3B71AA9141500F1467C /* WineCfgViewController.m */,
				8A23F3B81AA9141500F1467C /* WineCfgViewController.xib */,
				ACA9D6161AA7E41A00194089 /* winecfg.png */,
			);
			name = "Wine Control Panel";
			sourceTree = "<group>";
		};
/* End PBXGroup section */

/* Begin PBXNativeTarget section */
		AC3A4EDB1AA12F9900781626 /* Vindo */ = {
			isa = PBXNativeTarget;
			buildConfigurationList = AC3A4EF91AA12F9B00781626 /* Build configuration list for PBXNativeTarget "Vindo" */;
			buildPhases = (
				AC3A4ED81AA12F9900781626 /* Sources */,
				AC3A4ED91AA12F9900781626 /* Frameworks */,
				AC3A4EDA1AA12F9900781626 /* Resources */,
				AC1957DF1AA52D920077A25C /* Embed Frameworks */,
			);
			buildRules = (
			);
			dependencies = (
			);
			name = Vindo;
			productName = Vindo;
			productReference = AC3A4EDC1AA12F9900781626 /* Vindo.app */;
			productType = "com.apple.product-type.application";
		};
/* End PBXNativeTarget section */

/* Begin PBXProject section */
		AC3A4ED41AA12F9900781626 /* Project object */ = {
			isa = PBXProject;
			attributes = {
				LastUpgradeCheck = 0600;
				ORGANIZATIONNAME = "Theodore Dubois";
				TargetAttributes = {
					AC3A4EDB1AA12F9900781626 = {
						CreatedOnToolsVersion = 6.0.1;
					};
				};
			};
			buildConfigurationList = AC3A4ED71AA12F9900781626 /* Build configuration list for PBXProject "Vindo" */;
			compatibilityVersion = "Xcode 3.2";
			developmentRegion = English;
			hasScannedForEncodings = 0;
			knownRegions = (
				en,
				Base,
			);
			mainGroup = AC3A4ED31AA12F9900781626;
			productRefGroup = AC3A4EDD1AA12F9900781626 /* Products */;
			projectDirPath = "";
			projectRoot = "";
			targets = (
				AC3A4EDB1AA12F9900781626 /* Vindo */,
			);
		};
/* End PBXProject section */

/* Begin PBXResourcesBuildPhase section */
		AC3A4EDA1AA12F9900781626 /* Resources */ = {
			isa = PBXResourcesBuildPhase;
			buildActionMask = 2147483647;
			files = (
				8A23F3C01AA91EF600F1467C /* MainMenu.xib in Resources */,
				ACA9D6171AA7E41A00194089 /* winecfg.png in Resources */,
				AC6E1DAB1AA3ED0D00282977 /* Credits.rtf in Resources */,
				ACB107DA1AA3B8F900E031F5 /* Icon.icns in Resources */,
				8A23F3BA1AA9141500F1467C /* WineCfgViewController.xib in Resources */,
				8A23F3B51AA913FC00F1467C /* GeneralPreferencesViewController.xib in Resources */,
				8AE52F031AB10EAE00B03327 /* Executable.icns in Resources */,
				ACB107DB1AA3B8F900E031F5 /* Icon16.png in Resources */,
				ACB107DC1AA3B8F900E031F5 /* Icon32.png in Resources */,
				8A23F3C31AA9237A00F1467C /* usr in Resources */,
			);
			runOnlyForDeploymentPostprocessing = 0;
		};
/* End PBXResourcesBuildPhase section */

/* Begin PBXSourcesBuildPhase section */
		AC3A4ED81AA12F9900781626 /* Sources */ = {
			isa = PBXSourcesBuildPhase;
			buildActionMask = 2147483647;
			files = (
				8A23F3B41AA913FC00F1467C /* GeneralPreferencesViewController.m in Sources */,
				AC3A4EE51AA12F9A00781626 /* ApplicationController.m in Sources */,
				8A23F3B91AA9141500F1467C /* WineCfgViewController.m in Sources */,
				AC3A4EE21AA12F9A00781626 /* main.m in Sources */,
				ACA9D61A1AA7E60A00194089 /* WinePrefix.m in Sources */,
				8A88B0551AAFAB200046B828 /* PrefixesController.m in Sources */,
			);
			runOnlyForDeploymentPostprocessing = 0;
		};
/* End PBXSourcesBuildPhase section */

/* Begin XCBuildConfiguration section */
		AC3A4EF71AA12F9B00781626 /* Debug */ = {
			isa = XCBuildConfiguration;
			buildSettings = {
				ALWAYS_SEARCH_USER_PATHS = NO;
				CLANG_CXX_LANGUAGE_STANDARD = "gnu++0x";
				CLANG_CXX_LIBRARY = "libc++";
				CLANG_ENABLE_MODULES = YES;
				CLANG_ENABLE_OBJC_ARC = YES;
				CLANG_WARN_BOOL_CONVERSION = YES;
				CLANG_WARN_CONSTANT_CONVERSION = YES;
				CLANG_WARN_DIRECT_OBJC_ISA_USAGE = YES_ERROR;
				CLANG_WARN_EMPTY_BODY = YES;
				CLANG_WARN_ENUM_CONVERSION = YES;
				CLANG_WARN_INT_CONVERSION = YES;
				CLANG_WARN_OBJC_ROOT_CLASS = YES_ERROR;
				CLANG_WARN_UNREACHABLE_CODE = YES;
				CLANG_WARN__DUPLICATE_METHOD_MATCH = YES;
				CODE_SIGN_IDENTITY = "-";
				COPY_PHASE_STRIP = NO;
				ENABLE_STRICT_OBJC_MSGSEND = YES;
				GCC_C_LANGUAGE_STANDARD = gnu99;
				GCC_DYNAMIC_NO_PIC = NO;
				GCC_OPTIMIZATION_LEVEL = 0;
				GCC_PREPROCESSOR_DEFINITIONS = (
					"DEBUG=1",
					"$(inherited)",
				);
				GCC_SYMBOLS_PRIVATE_EXTERN = NO;
				GCC_WARN_64_TO_32_BIT_CONVERSION = YES;
				GCC_WARN_ABOUT_RETURN_TYPE = YES_ERROR;
				GCC_WARN_UNDECLARED_SELECTOR = YES;
				GCC_WARN_UNINITIALIZED_AUTOS = YES_AGGRESSIVE;
				GCC_WARN_UNUSED_FUNCTION = YES;
				GCC_WARN_UNUSED_VARIABLE = YES;
				MACOSX_DEPLOYMENT_TARGET = 10.7;
				MTL_ENABLE_DEBUG_INFO = YES;
				ONLY_ACTIVE_ARCH = YES;
				SDKROOT = macosx;
			};
			name = Debug;
		};
		AC3A4EF81AA12F9B00781626 /* Release */ = {
			isa = XCBuildConfiguration;
			buildSettings = {
				ALWAYS_SEARCH_USER_PATHS = NO;
				CLANG_CXX_LANGUAGE_STANDARD = "gnu++0x";
				CLANG_CXX_LIBRARY = "libc++";
				CLANG_ENABLE_MODULES = YES;
				CLANG_ENABLE_OBJC_ARC = YES;
				CLANG_WARN_BOOL_CONVERSION = YES;
				CLANG_WARN_CONSTANT_CONVERSION = YES;
				CLANG_WARN_DIRECT_OBJC_ISA_USAGE = YES_ERROR;
				CLANG_WARN_EMPTY_BODY = YES;
				CLANG_WARN_ENUM_CONVERSION = YES;
				CLANG_WARN_INT_CONVERSION = YES;
				CLANG_WARN_OBJC_ROOT_CLASS = YES_ERROR;
				CLANG_WARN_UNREACHABLE_CODE = YES;
				CLANG_WARN__DUPLICATE_METHOD_MATCH = YES;
				CODE_SIGN_IDENTITY = "-";
				COPY_PHASE_STRIP = YES;
				DEBUG_INFORMATION_FORMAT = "dwarf-with-dsym";
				ENABLE_NS_ASSERTIONS = NO;
				ENABLE_STRICT_OBJC_MSGSEND = YES;
				GCC_C_LANGUAGE_STANDARD = gnu99;
				GCC_WARN_64_TO_32_BIT_CONVERSION = YES;
				GCC_WARN_ABOUT_RETURN_TYPE = YES_ERROR;
				GCC_WARN_UNDECLARED_SELECTOR = YES;
				GCC_WARN_UNINITIALIZED_AUTOS = YES_AGGRESSIVE;
				GCC_WARN_UNUSED_FUNCTION = YES;
				GCC_WARN_UNUSED_VARIABLE = YES;
				MACOSX_DEPLOYMENT_TARGET = 10.7;
				MTL_ENABLE_DEBUG_INFO = NO;
				SDKROOT = macosx;
			};
			name = Release;
		};
		AC3A4EFA1AA12F9B00781626 /* Debug */ = {
			isa = XCBuildConfiguration;
			buildSettings = {
				ASSETCATALOG_COMPILER_APPICON_NAME = AppIcon;
				CLANG_ENABLE_OBJC_ARC = YES;
				COMBINE_HIDPI_IMAGES = YES;
				FRAMEWORK_SEARCH_PATHS = (
					"$(inherited)",
					"$(USER_LIBRARY_DIR)/Developer/Xcode/DerivedData/RHPreferences-cosvbmytbofgiedgafmaepmnrzzq/Build/Products/Debug",
					"$(PROJECT_DIR)",
				);
				INFOPLIST_FILE = Vindo/Info.plist;
				LD_RUNPATH_SEARCH_PATHS = "$(inherited) @executable_path/../Frameworks";
				MACOSX_DEPLOYMENT_TARGET = 10.6;
				PRODUCT_NAME = "$(TARGET_NAME)";
			};
			name = Debug;
		};
		AC3A4EFB1AA12F9B00781626 /* Release */ = {
			isa = XCBuildConfiguration;
			buildSettings = {
				ASSETCATALOG_COMPILER_APPICON_NAME = AppIcon;
				CLANG_ENABLE_OBJC_ARC = YES;
				COMBINE_HIDPI_IMAGES = YES;
				FRAMEWORK_SEARCH_PATHS = (
					"$(inherited)",
					"$(USER_LIBRARY_DIR)/Developer/Xcode/DerivedData/RHPreferences-cosvbmytbofgiedgafmaepmnrzzq/Build/Products/Debug",
					"$(PROJECT_DIR)",
				);
				INFOPLIST_FILE = Vindo/Info.plist;
				LD_RUNPATH_SEARCH_PATHS = "$(inherited) @executable_path/../Frameworks";
				MACOSX_DEPLOYMENT_TARGET = 10.6;
				PRODUCT_NAME = "$(TARGET_NAME)";
			};
			name = Release;
		};
/* End XCBuildConfiguration section */

/* Begin XCConfigurationList section */
		AC3A4ED71AA12F9900781626 /* Build configuration list for PBXProject "Vindo" */ = {
			isa = XCConfigurationList;
			buildConfigurations = (
				AC3A4EF71AA12F9B00781626 /* Debug */,
				AC3A4EF81AA12F9B00781626 /* Release */,
			);
			defaultConfigurationIsVisible = 0;
			defaultConfigurationName = Release;
		};
		AC3A4EF91AA12F9B00781626 /* Build configuration list for PBXNativeTarget "Vindo" */ = {
			isa = XCConfigurationList;
			buildConfigurations = (
				AC3A4EFA1AA12F9B00781626 /* Debug */,
				AC3A4EFB1AA12F9B00781626 /* Release */,
			);
			defaultConfigurationIsVisible = 0;
			defaultConfigurationName = Release;
		};
/* End XCConfigurationList section */
	};
	rootObject = AC3A4ED41AA12F9900781626 /* Project object */;
}
