// !$*UTF8*$!
{
	archiveVersion = 1;
	classes = {
	};
	objectVersion = 46;
	objects = {

/* Begin PBXBuildFile section */
		8A23F3B41AA913FC00F1467C /* GeneralPreferencesViewController.m in Sources */ = {isa = PBXBuildFile; fileRef = 8A23F3B21AA913FC00F1467C /* GeneralPreferencesViewController.m */; };
		8A23F3B51AA913FC00F1467C /* GeneralPreferences.xib in Resources */ = {isa = PBXBuildFile; fileRef = 8A23F3B31AA913FC00F1467C /* GeneralPreferences.xib */; };
		8A23F3B91AA9141500F1467C /* WineCfgViewController.m in Sources */ = {isa = PBXBuildFile; fileRef = 8A23F3B71AA9141500F1467C /* WineCfgViewController.m */; };
		8A23F3BA1AA9141500F1467C /* WineCfgPreferences.xib in Resources */ = {isa = PBXBuildFile; fileRef = 8A23F3B81AA9141500F1467C /* WineCfgPreferences.xib */; };
		8A23F3C01AA91EF600F1467C /* MainMenu.xib in Resources */ = {isa = PBXBuildFile; fileRef = 8A23F3BE1AA91EF600F1467C /* MainMenu.xib */; };
		8A23F3C31AA9237A00F1467C /* usr in Resources */ = {isa = PBXBuildFile; fileRef = 8A23F3C21AA9237900F1467C /* usr */; };
		8A28BF501AD7260D007AB81C /* BrowserDelegate.m in Sources */ = {isa = PBXBuildFile; fileRef = 8A28BF4F1AD7260D007AB81C /* BrowserDelegate.m */; };
		8A28BF521AD73EAD007AB81C /* Item.m in Sources */ = {isa = PBXBuildFile; fileRef = 8A28BF511AD73EAD007AB81C /* Item.m */; };
		8A28BF551AD740EE007AB81C /* DirectoryItem.m in Sources */ = {isa = PBXBuildFile; fileRef = 8A28BF541AD740EE007AB81C /* DirectoryItem.m */; };
		8A525F091AC20F2F00D9538A /* NSOperationQueue+DefaultQueue.m in Sources */ = {isa = PBXBuildFile; fileRef = 8A525F081AC20F2F00D9538A /* NSOperationQueue+DefaultQueue.m */; };
		8ABB4AC51AB8DE7B00CDB93C /* StatusWindowController.m in Sources */ = {isa = PBXBuildFile; fileRef = 8ABB4AC31AB8DE7B00CDB93C /* StatusWindowController.m */; };
		8ABB4AC61AB8DE7B00CDB93C /* Status.xib in Resources */ = {isa = PBXBuildFile; fileRef = 8ABB4AC41AB8DE7B00CDB93C /* Status.xib */; };
		8AC01D5B1ABB72E200F8C066 /* World.m in Sources */ = {isa = PBXBuildFile; fileRef = 8AC01D5A1ABB72E200F8C066 /* World.m */; };
		8AC01D5F1ABB84D100F8C066 /* Executable.icns in Resources */ = {isa = PBXBuildFile; fileRef = 8AC01D5C1ABB84D100F8C066 /* Executable.icns */; };
		8AC01D631ABB879D00F8C066 /* WorldsMenuController.m in Sources */ = {isa = PBXBuildFile; fileRef = 8AC01D621ABB879D00F8C066 /* WorldsMenuController.m */; };
		8AC01D6C1ABB930F00F8C066 /* IndexSetToIntTransformer.m in Sources */ = {isa = PBXBuildFile; fileRef = 8AC01D6B1ABB930F00F8C066 /* IndexSetToIntTransformer.m */; };
		8AC761651ACDE2B500D52B99 /* FileItem.m in Sources */ = {isa = PBXBuildFile; fileRef = 8AC761641ACDE2B500D52B99 /* FileItem.m */; };
		AC05807A1ABE13F300854813 /* WorldsPreferences.xib in Resources */ = {isa = PBXBuildFile; fileRef = AC0580781ABE13F300854813 /* WorldsPreferences.xib */; };
		AC05807D1ABE16F300854813 /* WineServerOperations.m in Sources */ = {isa = PBXBuildFile; fileRef = AC05807C1ABE16F300854813 /* WineServerOperations.m */; };
		AC05808C1ABF97F700854813 /* WorldsPreferencesViewController.m in Sources */ = {isa = PBXBuildFile; fileRef = AC05808B1ABF97F700854813 /* WorldsPreferencesViewController.m */; };
		AC13F0A21ADB6A1000254D1F /* CoreServices.framework in Frameworks */ = {isa = PBXBuildFile; fileRef = AC13F0A11ADB6A1000254D1F /* CoreServices.framework */; };
		AC1957DD1AA52D920077A25C /* RHPreferences.framework in Frameworks */ = {isa = PBXBuildFile; fileRef = AC1957D81AA52D770077A25C /* RHPreferences.framework */; };
		AC1957DE1AA52D920077A25C /* RHPreferences.framework in Embed Frameworks */ = {isa = PBXBuildFile; fileRef = AC1957D81AA52D770077A25C /* RHPreferences.framework */; settings = {ATTRIBUTES = (CodeSignOnCopy, RemoveHeadersOnCopy, ); }; };
		AC3A4EE21AA12F9A00781626 /* main.m in Sources */ = {isa = PBXBuildFile; fileRef = AC3A4EE11AA12F9A00781626 /* main.m */; };
		AC3A4EE51AA12F9A00781626 /* ApplicationController.m in Sources */ = {isa = PBXBuildFile; fileRef = AC3A4EE41AA12F9A00781626 /* ApplicationController.m */; };
		AC64E4901AC8C02A002C7E4D /* BrowserController.m in Sources */ = {isa = PBXBuildFile; fileRef = AC64E48E1AC8C02A002C7E4D /* BrowserController.m */; };
		AC64E4911AC8C02A002C7E4D /* Browser.xib in Resources */ = {isa = PBXBuildFile; fileRef = AC64E48F1AC8C02A002C7E4D /* Browser.xib */; };
		AC6E1DAB1AA3ED0D00282977 /* Credits.rtf in Resources */ = {isa = PBXBuildFile; fileRef = AC6E1DAA1AA3ED0D00282977 /* Credits.rtf */; };
		AC9681BF1ABCD59D00A9233B /* WorldsTransformer.m in Sources */ = {isa = PBXBuildFile; fileRef = AC9681BE1ABCD59D00A9233B /* WorldsTransformer.m */; };
		ACA9D6171AA7E41A00194089 /* winecfg.png in Resources */ = {isa = PBXBuildFile; fileRef = ACA9D6161AA7E41A00194089 /* winecfg.png */; };
		ACA9D61A1AA7E60A00194089 /* WinePrefix.m in Sources */ = {isa = PBXBuildFile; fileRef = ACA9D6191AA7E60A00194089 /* WinePrefix.m */; };
		ACB107DA1AA3B8F900E031F5 /* Icon.icns in Resources */ = {isa = PBXBuildFile; fileRef = ACB107D71AA3B8F900E031F5 /* Icon.icns */; };
		ACB107DB1AA3B8F900E031F5 /* Icon16.png in Resources */ = {isa = PBXBuildFile; fileRef = ACB107D81AA3B8F900E031F5 /* Icon16.png */; };
		ACB107DC1AA3B8F900E031F5 /* Icon32.png in Resources */ = {isa = PBXBuildFile; fileRef = ACB107D91AA3B8F900E031F5 /* Icon32.png */; };
		ACC458D41ACF514A001838FC /* ItemBrowserCell.m in Sources */ = {isa = PBXBuildFile; fileRef = ACC458D31ACF514A001838FC /* ItemBrowserCell.m */; };
/* End PBXBuildFile section */

/* Begin PBXCopyFilesBuildPhase section */
		AC1957DF1AA52D920077A25C /* Embed Frameworks */ = {
			isa = PBXCopyFilesBuildPhase;
			buildActionMask = 2147483647;
			dstPath = "";
			dstSubfolderSpec = 10;
			files = (
				AC1957DE1AA52D920077A25C /* RHPreferences.framework in Embed Frameworks */,
			);
			name = "Embed Frameworks";
			runOnlyForDeploymentPostprocessing = 0;
		};
/* End PBXCopyFilesBuildPhase section */

/* Begin PBXFileReference section */
		8A23F3B11AA913FC00F1467C /* GeneralPreferencesViewController.h */ = {isa = PBXFileReference; fileEncoding = 4; lastKnownFileType = sourcecode.c.h; path = GeneralPreferencesViewController.h; sourceTree = "<group>"; };
		8A23F3B21AA913FC00F1467C /* GeneralPreferencesViewController.m */ = {isa = PBXFileReference; fileEncoding = 4; lastKnownFileType = sourcecode.c.objc; path = GeneralPreferencesViewController.m; sourceTree = "<group>"; };
		8A23F3B31AA913FC00F1467C /* GeneralPreferences.xib */ = {isa = PBXFileReference; fileEncoding = 4; lastKnownFileType = file.xib; path = GeneralPreferences.xib; sourceTree = "<group>"; };
		8A23F3B61AA9141500F1467C /* WineCfgViewController.h */ = {isa = PBXFileReference; fileEncoding = 4; lastKnownFileType = sourcecode.c.h; path = WineCfgViewController.h; sourceTree = "<group>"; };
		8A23F3B71AA9141500F1467C /* WineCfgViewController.m */ = {isa = PBXFileReference; fileEncoding = 4; lastKnownFileType = sourcecode.c.objc; path = WineCfgViewController.m; sourceTree = "<group>"; };
		8A23F3B81AA9141500F1467C /* WineCfgPreferences.xib */ = {isa = PBXFileReference; fileEncoding = 4; lastKnownFileType = file.xib; path = WineCfgPreferences.xib; sourceTree = "<group>"; };
		8A23F3BD1AA91EF600F1467C /* Info.plist */ = {isa = PBXFileReference; fileEncoding = 4; lastKnownFileType = text.plist.xml; path = Info.plist; sourceTree = "<group>"; };
		8A23F3BE1AA91EF600F1467C /* MainMenu.xib */ = {isa = PBXFileReference; fileEncoding = 4; lastKnownFileType = file.xib; path = MainMenu.xib; sourceTree = "<group>"; };
		8A23F3C21AA9237900F1467C /* usr */ = {isa = PBXFileReference; lastKnownFileType = folder; path = usr; sourceTree = "<group>"; };
		8A28BF4E1AD7260D007AB81C /* BrowserDelegate.h */ = {isa = PBXFileReference; fileEncoding = 4; lastKnownFileType = sourcecode.c.h; path = BrowserDelegate.h; sourceTree = "<group>"; };
		8A28BF4F1AD7260D007AB81C /* BrowserDelegate.m */ = {isa = PBXFileReference; fileEncoding = 4; lastKnownFileType = sourcecode.c.objc; path = BrowserDelegate.m; sourceTree = "<group>"; };
		8A28BF511AD73EAD007AB81C /* Item.m */ = {isa = PBXFileReference; fileEncoding = 4; lastKnownFileType = sourcecode.c.objc; path = Item.m; sourceTree = "<group>"; };
		8A28BF531AD740EE007AB81C /* DirectoryItem.h */ = {isa = PBXFileReference; fileEncoding = 4; lastKnownFileType = sourcecode.c.h; path = DirectoryItem.h; sourceTree = "<group>"; };
		8A28BF541AD740EE007AB81C /* DirectoryItem.m */ = {isa = PBXFileReference; fileEncoding = 4; lastKnownFileType = sourcecode.c.objc; path = DirectoryItem.m; sourceTree = "<group>"; };
		8A525F071AC20F2F00D9538A /* NSOperationQueue+DefaultQueue.h */ = {isa = PBXFileReference; fileEncoding = 4; lastKnownFileType = sourcecode.c.h; path = "NSOperationQueue+DefaultQueue.h"; sourceTree = "<group>"; };
		8A525F081AC20F2F00D9538A /* NSOperationQueue+DefaultQueue.m */ = {isa = PBXFileReference; fileEncoding = 4; lastKnownFileType = sourcecode.c.objc; path = "NSOperationQueue+DefaultQueue.m"; sourceTree = "<group>"; };
		8ABB4AC21AB8DE7B00CDB93C /* StatusWindowController.h */ = {isa = PBXFileReference; fileEncoding = 4; lastKnownFileType = sourcecode.c.h; path = StatusWindowController.h; sourceTree = "<group>"; };
		8ABB4AC31AB8DE7B00CDB93C /* StatusWindowController.m */ = {isa = PBXFileReference; fileEncoding = 4; lastKnownFileType = sourcecode.c.objc; path = StatusWindowController.m; sourceTree = "<group>"; };
		8ABB4AC41AB8DE7B00CDB93C /* Status.xib */ = {isa = PBXFileReference; fileEncoding = 4; lastKnownFileType = file.xib; path = Status.xib; sourceTree = "<group>"; };
		8AC01D591ABB72E200F8C066 /* World.h */ = {isa = PBXFileReference; fileEncoding = 4; lastKnownFileType = sourcecode.c.h; path = World.h; sourceTree = "<group>"; };
		8AC01D5A1ABB72E200F8C066 /* World.m */ = {isa = PBXFileReference; fileEncoding = 4; lastKnownFileType = sourcecode.c.objc; path = World.m; sourceTree = "<group>"; };
		8AC01D5C1ABB84D100F8C066 /* Executable.icns */ = {isa = PBXFileReference; lastKnownFileType = image.icns; path = Executable.icns; sourceTree = "<group>"; };
		8AC01D611ABB879D00F8C066 /* WorldsMenuController.h */ = {isa = PBXFileReference; fileEncoding = 4; lastKnownFileType = sourcecode.c.h; path = WorldsMenuController.h; sourceTree = "<group>"; };
		8AC01D621ABB879D00F8C066 /* WorldsMenuController.m */ = {isa = PBXFileReference; fileEncoding = 4; lastKnownFileType = sourcecode.c.objc; path = WorldsMenuController.m; sourceTree = "<group>"; };
		8AC01D6A1ABB930F00F8C066 /* IndexSetToIntTransformer.h */ = {isa = PBXFileReference; fileEncoding = 4; lastKnownFileType = sourcecode.c.h; path = IndexSetToIntTransformer.h; sourceTree = "<group>"; };
		8AC01D6B1ABB930F00F8C066 /* IndexSetToIntTransformer.m */ = {isa = PBXFileReference; fileEncoding = 4; lastKnownFileType = sourcecode.c.objc; path = IndexSetToIntTransformer.m; sourceTree = "<group>"; };
		8AC761631ACDE2B500D52B99 /* FileItem.h */ = {isa = PBXFileReference; fileEncoding = 4; lastKnownFileType = sourcecode.c.h; path = FileItem.h; sourceTree = "<group>"; };
		8AC761641ACDE2B500D52B99 /* FileItem.m */ = {isa = PBXFileReference; fileEncoding = 4; lastKnownFileType = sourcecode.c.objc; path = FileItem.m; sourceTree = "<group>"; };
		AC0580781ABE13F300854813 /* WorldsPreferences.xib */ = {isa = PBXFileReference; fileEncoding = 4; lastKnownFileType = file.xib; path = WorldsPreferences.xib; sourceTree = "<group>"; };
		AC05807B1ABE16F300854813 /* WineServerOperations.h */ = {isa = PBXFileReference; fileEncoding = 4; lastKnownFileType = sourcecode.c.h; path = WineServerOperations.h; sourceTree = "<group>"; };
		AC05807C1ABE16F300854813 /* WineServerOperations.m */ = {isa = PBXFileReference; fileEncoding = 4; lastKnownFileType = sourcecode.c.objc; path = WineServerOperations.m; sourceTree = "<group>"; };
		AC05808A1ABF97F700854813 /* WorldsPreferencesViewController.h */ = {isa = PBXFileReference; fileEncoding = 4; lastKnownFileType = sourcecode.c.h; path = WorldsPreferencesViewController.h; sourceTree = "<group>"; };
		AC05808B1ABF97F700854813 /* WorldsPreferencesViewController.m */ = {isa = PBXFileReference; fileEncoding = 4; lastKnownFileType = sourcecode.c.objc; path = WorldsPreferencesViewController.m; sourceTree = "<group>"; };
		AC13F0A11ADB6A1000254D1F /* CoreServices.framework */ = {isa = PBXFileReference; lastKnownFileType = wrapper.framework; name = CoreServices.framework; path = System/Library/Frameworks/CoreServices.framework; sourceTree = SDKROOT; };
		AC1957D81AA52D770077A25C /* RHPreferences.framework */ = {isa = PBXFileReference; lastKnownFileType = wrapper.framework; path = RHPreferences.framework; sourceTree = "<group>"; };
		AC3A4EDC1AA12F9900781626 /* Vindo.app */ = {isa = PBXFileReference; explicitFileType = wrapper.application; includeInIndex = 0; path = Vindo.app; sourceTree = BUILT_PRODUCTS_DIR; };
		AC3A4EE11AA12F9A00781626 /* main.m */ = {isa = PBXFileReference; lastKnownFileType = sourcecode.c.objc; path = main.m; sourceTree = "<group>"; };
		AC3A4EE31AA12F9A00781626 /* ApplicationController.h */ = {isa = PBXFileReference; lastKnownFileType = sourcecode.c.h; path = ApplicationController.h; sourceTree = "<group>"; };
		AC3A4EE41AA12F9A00781626 /* ApplicationController.m */ = {isa = PBXFileReference; lastKnownFileType = sourcecode.c.objc; path = ApplicationController.m; sourceTree = "<group>"; };
		AC3CC24C1ACCD238003ED7EC /* Item.h */ = {isa = PBXFileReference; fileEncoding = 4; lastKnownFileType = sourcecode.c.h; name = Item.h; path = ../Item.h; sourceTree = "<group>"; };
		AC64E48D1AC8C02A002C7E4D /* BrowserController.h */ = {isa = PBXFileReference; fileEncoding = 4; lastKnownFileType = sourcecode.c.h; path = BrowserController.h; sourceTree = "<group>"; };
		AC64E48E1AC8C02A002C7E4D /* BrowserController.m */ = {isa = PBXFileReference; fileEncoding = 4; lastKnownFileType = sourcecode.c.objc; path = BrowserController.m; sourceTree = "<group>"; };
		AC64E48F1AC8C02A002C7E4D /* Browser.xib */ = {isa = PBXFileReference; fileEncoding = 4; lastKnownFileType = file.xib; path = Browser.xib; sourceTree = "<group>"; };
		AC6E1DAA1AA3ED0D00282977 /* Credits.rtf */ = {isa = PBXFileReference; fileEncoding = 4; lastKnownFileType = text.rtf; path = Credits.rtf; sourceTree = "<group>"; };
		AC9681BD1ABCD59D00A9233B /* WorldsTransformer.h */ = {isa = PBXFileReference; fileEncoding = 4; lastKnownFileType = sourcecode.c.h; path = WorldsTransformer.h; sourceTree = "<group>"; };
		AC9681BE1ABCD59D00A9233B /* WorldsTransformer.m */ = {isa = PBXFileReference; fileEncoding = 4; lastKnownFileType = sourcecode.c.objc; path = WorldsTransformer.m; sourceTree = "<group>"; };
		ACA9D6161AA7E41A00194089 /* winecfg.png */ = {isa = PBXFileReference; lastKnownFileType = image.png; path = winecfg.png; sourceTree = "<group>"; };
		ACA9D6181AA7E60A00194089 /* WinePrefix.h */ = {isa = PBXFileReference; fileEncoding = 4; lastKnownFileType = sourcecode.c.h; path = WinePrefix.h; sourceTree = "<group>"; };
		ACA9D6191AA7E60A00194089 /* WinePrefix.m */ = {isa = PBXFileReference; fileEncoding = 4; lastKnownFileType = sourcecode.c.objc; path = WinePrefix.m; sourceTree = "<group>"; };
		ACB107D71AA3B8F900E031F5 /* Icon.icns */ = {isa = PBXFileReference; lastKnownFileType = image.icns; path = Icon.icns; sourceTree = "<group>"; };
		ACB107D81AA3B8F900E031F5 /* Icon16.png */ = {isa = PBXFileReference; lastKnownFileType = image.png; path = Icon16.png; sourceTree = "<group>"; };
		ACB107D91AA3B8F900E031F5 /* Icon32.png */ = {isa = PBXFileReference; lastKnownFileType = image.png; path = Icon32.png; sourceTree = "<group>"; };
		ACC458D21ACF514A001838FC /* ItemBrowserCell.h */ = {isa = PBXFileReference; fileEncoding = 4; lastKnownFileType = sourcecode.c.h; path = ItemBrowserCell.h; sourceTree = "<group>"; };
		ACC458D31ACF514A001838FC /* ItemBrowserCell.m */ = {isa = PBXFileReference; fileEncoding = 4; lastKnownFileType = sourcecode.c.objc; path = ItemBrowserCell.m; sourceTree = "<group>"; };
/* End PBXFileReference section */

/* Begin PBXFrameworksBuildPhase section */
		AC3A4ED91AA12F9900781626 /* Frameworks */ = {
			isa = PBXFrameworksBuildPhase;
			buildActionMask = 2147483647;
			files = (
				AC13F0A21ADB6A1000254D1F /* CoreServices.framework in Frameworks */,
				AC1957DD1AA52D920077A25C /* RHPreferences.framework in Frameworks */,
			);
			runOnlyForDeploymentPostprocessing = 0;
		};
/* End PBXFrameworksBuildPhase section */

/* Begin PBXGroup section */
		8A655B7C1AA6773E00FFCD0C /* Resources */ = {
			isa = PBXGroup;
			children = (
				8A23F3C21AA9237900F1467C /* usr */,
				ACB107D71AA3B8F900E031F5 /* Icon.icns */,
				8AC01D5C1ABB84D100F8C066 /* Executable.icns */,
				AC6E1DAA1AA3ED0D00282977 /* Credits.rtf */,
				ACB107D81AA3B8F900E031F5 /* Icon16.png */,
				ACB107D91AA3B8F900E031F5 /* Icon32.png */,
				ACA9D6161AA7E41A00194089 /* winecfg.png */,
			);
			name = Resources;
			path = Vindo;
			sourceTree = "<group>";
		};
		8ABB4AC11AB8D8FF00CDB93C /* UI */ = {
			isa = PBXGroup;
			children = (
				8ABB4AC21AB8DE7B00CDB93C /* StatusWindowController.h */,
				8ABB4AC31AB8DE7B00CDB93C /* StatusWindowController.m */,
				8ABB4AC41AB8DE7B00CDB93C /* Status.xib */,
				8A23F3BE1AA91EF600F1467C /* MainMenu.xib */,
			);
			name = UI;
			path = Vindo;
			sourceTree = "<group>";
		};
		AC0580811ABF829500854813 /* Worlds */ = {
			isa = PBXGroup;
			children = (
				AC05808A1ABF97F700854813 /* WorldsPreferencesViewController.h */,
				AC05808B1ABF97F700854813 /* WorldsPreferencesViewController.m */,
				AC0580781ABE13F300854813 /* WorldsPreferences.xib */,
			);
			name = Worlds;
			sourceTree = "<group>";
		};
		AC1957C21AA52AB50077A25C /* Preferences */ = {
			isa = PBXGroup;
			children = (
				AC0580811ABF829500854813 /* Worlds */,
				8A23F3B11AA913FC00F1467C /* GeneralPreferencesViewController.h */,
				8A23F3B21AA913FC00F1467C /* GeneralPreferencesViewController.m */,
				8A23F3B31AA913FC00F1467C /* GeneralPreferences.xib */,
				8A23F3B61AA9141500F1467C /* WineCfgViewController.h */,
				8A23F3B71AA9141500F1467C /* WineCfgViewController.m */,
				8A23F3B81AA9141500F1467C /* WineCfgPreferences.xib */,
			);
			name = Preferences;
			path = Vindo;
			sourceTree = "<group>";
		};
		AC1957D01AA52BB10077A25C /* Frameworks */ = {
			isa = PBXGroup;
			children = (
				AC13F0A11ADB6A1000254D1F /* CoreServices.framework */,
				AC1957D81AA52D770077A25C /* RHPreferences.framework */,
			);
			name = Frameworks;
			sourceTree = "<group>";
		};
		AC3A4ED31AA12F9900781626 = {
			isa = PBXGroup;
			children = (
				AC8DB5AF1AA130A1000A6C51 /* Code */,
				8ABB4AC11AB8D8FF00CDB93C /* UI */,
				AC1957C21AA52AB50077A25C /* Preferences */,
				AC64E4921AC8C035002C7E4D /* Browser */,
				8A655B7C1AA6773E00FFCD0C /* Resources */,
				AC3A4EDF1AA12F9A00781626 /* Supporting Files */,
				AC1957D01AA52BB10077A25C /* Frameworks */,
				AC3A4EDD1AA12F9900781626 /* Products */,
			);
			sourceTree = "<group>";
		};
		AC3A4EDD1AA12F9900781626 /* Products */ = {
			isa = PBXGroup;
			children = (
				AC3A4EDC1AA12F9900781626 /* Vindo.app */,
			);
			name = Products;
			sourceTree = "<group>";
		};
		AC3A4EDF1AA12F9A00781626 /* Supporting Files */ = {
			isa = PBXGroup;
			children = (
				8A23F3BD1AA91EF600F1467C /* Info.plist */,
				AC3A4EE11AA12F9A00781626 /* main.m */,
			);
			name = "Supporting Files";
			path = Vindo;
			sourceTree = "<group>";
		};
		AC64E4921AC8C035002C7E4D /* Browser */ = {
			isa = PBXGroup;
			children = (
				AC64E48D1AC8C02A002C7E4D /* BrowserController.h */,
				AC64E48E1AC8C02A002C7E4D /* BrowserController.m */,
				8A28BF4E1AD7260D007AB81C /* BrowserDelegate.h */,
				8A28BF4F1AD7260D007AB81C /* BrowserDelegate.m */,
				8AC761631ACDE2B500D52B99 /* FileItem.h */,
				8AC761641ACDE2B500D52B99 /* FileItem.m */,
				8A28BF531AD740EE007AB81C /* DirectoryItem.h */,
				8A28BF541AD740EE007AB81C /* DirectoryItem.m */,
				AC3CC24C1ACCD238003ED7EC /* Item.h */,
				8A28BF511AD73EAD007AB81C /* Item.m */,
				ACC458D21ACF514A001838FC /* ItemBrowserCell.h */,
				ACC458D31ACF514A001838FC /* ItemBrowserCell.m */,
				AC64E48F1AC8C02A002C7E4D /* Browser.xib */,
			);
			name = Browser;
			path = Vindo;
			sourceTree = "<group>";
		};
		AC8DB5AF1AA130A1000A6C51 /* Code */ = {
			isa = PBXGroup;
			children = (
				AC3A4EE31AA12F9A00781626 /* ApplicationController.h */,
				AC3A4EE41AA12F9A00781626 /* ApplicationController.m */,
				ACA9D6181AA7E60A00194089 /* WinePrefix.h */,
				ACA9D6191AA7E60A00194089 /* WinePrefix.m */,
				AC05807B1ABE16F300854813 /* WineServerOperations.h */,
				AC05807C1ABE16F300854813 /* WineServerOperations.m */,
				8A525F071AC20F2F00D9538A /* NSOperationQueue+DefaultQueue.h */,
				8A525F081AC20F2F00D9538A /* NSOperationQueue+DefaultQueue.m */,
				AC9681BC1ABCD57400A9233B /* Worlds */,
			);
			name = Code;
			path = Vindo;
			sourceTree = "<group>";
		};
		AC9681BC1ABCD57400A9233B /* Worlds */ = {
			isa = PBXGroup;
			children = (
				8AC01D591ABB72E200F8C066 /* World.h */,
				8AC01D5A1ABB72E200F8C066 /* World.m */,
				8AC01D611ABB879D00F8C066 /* WorldsMenuController.h */,
				8AC01D621ABB879D00F8C066 /* WorldsMenuController.m */,
				AC9681BD1ABCD59D00A9233B /* WorldsTransformer.h */,
				AC9681BE1ABCD59D00A9233B /* WorldsTransformer.m */,
				8AC01D6A1ABB930F00F8C066 /* IndexSetToIntTransformer.h */,
				8AC01D6B1ABB930F00F8C066 /* IndexSetToIntTransformer.m */,
			);
			name = Worlds;
			sourceTree = "<group>";
		};
/* End PBXGroup section */

/* Begin PBXNativeTarget section */
		AC3A4EDB1AA12F9900781626 /* Vindo */ = {
			isa = PBXNativeTarget;
			buildConfigurationList = AC3A4EF91AA12F9B00781626 /* Build configuration list for PBXNativeTarget "Vindo" */;
			buildPhases = (
				AC3A4ED81AA12F9900781626 /* Sources */,
				AC3A4ED91AA12F9900781626 /* Frameworks */,
				AC3A4EDA1AA12F9900781626 /* Resources */,
				AC1957DF1AA52D920077A25C /* Embed Frameworks */,
			);
			buildRules = (
			);
			dependencies = (
			);
			name = Vindo;
			productName = Vindo;
			productReference = AC3A4EDC1AA12F9900781626 /* Vindo.app */;
			productType = "com.apple.product-type.application";
		};
/* End PBXNativeTarget section */

/* Begin PBXProject section */
		AC3A4ED41AA12F9900781626 /* Project object */ = {
			isa = PBXProject;
			attributes = {
				LastUpgradeCheck = 0600;
				ORGANIZATIONNAME = "Theodore Dubois";
				TargetAttributes = {
					AC3A4EDB1AA12F9900781626 = {
						CreatedOnToolsVersion = 6.0.1;
					};
				};
			};
			buildConfigurationList = AC3A4ED71AA12F9900781626 /* Build configuration list for PBXProject "Vindo" */;
			compatibilityVersion = "Xcode 3.2";
			developmentRegion = English;
			hasScannedForEncodings = 0;
			knownRegions = (
				en,
				Base,
			);
			mainGroup = AC3A4ED31AA12F9900781626;
			productRefGroup = AC3A4EDD1AA12F9900781626 /* Products */;
			projectDirPath = "";
			projectRoot = "";
			targets = (
				AC3A4EDB1AA12F9900781626 /* Vindo */,
			);
		};
/* End PBXProject section */

/* Begin PBXResourcesBuildPhase section */
		AC3A4EDA1AA12F9900781626 /* Resources */ = {
			isa = PBXResourcesBuildPhase;
			buildActionMask = 2147483647;
			files = (
				8A23F3C01AA91EF600F1467C /* MainMenu.xib in Resources */,
				ACA9D6171AA7E41A00194089 /* winecfg.png in Resources */,
				AC6E1DAB1AA3ED0D00282977 /* Credits.rtf in Resources */,
				ACB107DA1AA3B8F900E031F5 /* Icon.icns in Resources */,
				AC64E4911AC8C02A002C7E4D /* Browser.xib in Resources */,
				8A23F3BA1AA9141500F1467C /* WineCfgPreferences.xib in Resources */,
				8AC01D5F1ABB84D100F8C066 /* Executable.icns in Resources */,
				8A23F3B51AA913FC00F1467C /* GeneralPreferences.xib in Resources */,
				8ABB4AC61AB8DE7B00CDB93C /* Status.xib in Resources */,
				AC05807A1ABE13F300854813 /* WorldsPreferences.xib in Resources */,
				ACB107DB1AA3B8F900E031F5 /* Icon16.png in Resources */,
				ACB107DC1AA3B8F900E031F5 /* Icon32.png in Resources */,
				8A23F3C31AA9237A00F1467C /* usr in Resources */,
			);
			runOnlyForDeploymentPostprocessing = 0;
		};
/* End PBXResourcesBuildPhase section */

/* Begin PBXSourcesBuildPhase section */
		AC3A4ED81AA12F9900781626 /* Sources */ = {
			isa = PBXSourcesBuildPhase;
			buildActionMask = 2147483647;
			files = (
				8A28BF521AD73EAD007AB81C /* Item.m in Sources */,
				8AC01D6C1ABB930F00F8C066 /* IndexSetToIntTransformer.m in Sources */,
				8A23F3B41AA913FC00F1467C /* GeneralPreferencesViewController.m in Sources */,
				ACC458D41ACF514A001838FC /* ItemBrowserCell.m in Sources */,
				8AC01D5B1ABB72E200F8C066 /* World.m in Sources */,
				8AC01D631ABB879D00F8C066 /* WorldsMenuController.m in Sources */,
				AC3A4EE51AA12F9A00781626 /* ApplicationController.m in Sources */,
				8A23F3B91AA9141500F1467C /* WineCfgViewController.m in Sources */,
				AC05808C1ABF97F700854813 /* WorldsPreferencesViewController.m in Sources */,
				AC3A4EE21AA12F9A00781626 /* main.m in Sources */,
				8A28BF551AD740EE007AB81C /* DirectoryItem.m in Sources */,
				ACA9D61A1AA7E60A00194089 /* WinePrefix.m in Sources */,
				AC9681BF1ABCD59D00A9233B /* WorldsTransformer.m in Sources */,
				AC64E4901AC8C02A002C7E4D /* BrowserController.m in Sources */,
				AC05807D1ABE16F300854813 /* WineServerOperations.m in Sources */,
				8AC761651ACDE2B500D52B99 /* FileItem.m in Sources */,
				8ABB4AC51AB8DE7B00CDB93C /* StatusWindowController.m in Sources */,
				8A525F091AC20F2F00D9538A /* NSOperationQueue+DefaultQueue.m in Sources */,
				8A28BF501AD7260D007AB81C /* BrowserDelegate.m in Sources */,
			);
			runOnlyForDeploymentPostprocessing = 0;
		};
/* End PBXSourcesBuildPhase section */

/* Begin XCBuildConfiguration section */
		AC3A4EF71AA12F9B00781626 /* Debug */ = {
			isa = XCBuildConfiguration;
			buildSettings = {
				ALWAYS_SEARCH_USER_PATHS = NO;
				CLANG_CXX_LANGUAGE_STANDARD = "gnu++0x";
				CLANG_CXX_LIBRARY = "libc++";
				CLANG_ENABLE_MODULES = YES;
				CLANG_ENABLE_OBJC_ARC = YES;
				CLANG_WARN_BOOL_CONVERSION = YES;
				CLANG_WARN_CONSTANT_CONVERSION = YES;
				CLANG_WARN_DIRECT_OBJC_ISA_USAGE = YES_ERROR;
				CLANG_WARN_EMPTY_BODY = YES;
				CLANG_WARN_ENUM_CONVERSION = YES;
				CLANG_WARN_INT_CONVERSION = YES;
				CLANG_WARN_OBJC_ROOT_CLASS = YES_ERROR;
				CLANG_WARN_UNREACHABLE_CODE = YES;
				CLANG_WARN__DUPLICATE_METHOD_MATCH = YES;
				CODE_SIGN_IDENTITY = "-";
				COPY_PHASE_STRIP = NO;
				ENABLE_STRICT_OBJC_MSGSEND = YES;
				GCC_C_LANGUAGE_STANDARD = gnu99;
				GCC_DYNAMIC_NO_PIC = NO;
				GCC_OPTIMIZATION_LEVEL = 0;
				GCC_PREPROCESSOR_DEFINITIONS = (
					"DEBUG=1",
					"$(inherited)",
				);
				GCC_SYMBOLS_PRIVATE_EXTERN = NO;
				GCC_WARN_64_TO_32_BIT_CONVERSION = YES;
				GCC_WARN_ABOUT_RETURN_TYPE = YES_ERROR;
				GCC_WARN_UNDECLARED_SELECTOR = YES;
				GCC_WARN_UNINITIALIZED_AUTOS = YES_AGGRESSIVE;
				GCC_WARN_UNUSED_FUNCTION = YES;
				GCC_WARN_UNUSED_VARIABLE = YES;
				MACOSX_DEPLOYMENT_TARGET = 10.7;
				MTL_ENABLE_DEBUG_INFO = YES;
				ONLY_ACTIVE_ARCH = YES;
				SDKROOT = macosx;
			};
			name = Debug;
		};
		AC3A4EF81AA12F9B00781626 /* Release */ = {
			isa = XCBuildConfiguration;
			buildSettings = {
				ALWAYS_SEARCH_USER_PATHS = NO;
				CLANG_CXX_LANGUAGE_STANDARD = "gnu++0x";
				CLANG_CXX_LIBRARY = "libc++";
				CLANG_ENABLE_MODULES = YES;
				CLANG_ENABLE_OBJC_ARC = YES;
				CLANG_WARN_BOOL_CONVERSION = YES;
				CLANG_WARN_CONSTANT_CONVERSION = YES;
				CLANG_WARN_DIRECT_OBJC_ISA_USAGE = YES_ERROR;
				CLANG_WARN_EMPTY_BODY = YES;
				CLANG_WARN_ENUM_CONVERSION = YES;
				CLANG_WARN_INT_CONVERSION = YES;
				CLANG_WARN_OBJC_ROOT_CLASS = YES_ERROR;
				CLANG_WARN_UNREACHABLE_CODE = YES;
				CLANG_WARN__DUPLICATE_METHOD_MATCH = YES;
				CODE_SIGN_IDENTITY = "-";
				COPY_PHASE_STRIP = YES;
				DEBUG_INFORMATION_FORMAT = "dwarf-with-dsym";
				ENABLE_NS_ASSERTIONS = NO;
				ENABLE_STRICT_OBJC_MSGSEND = YES;
				GCC_C_LANGUAGE_STANDARD = gnu99;
				GCC_WARN_64_TO_32_BIT_CONVERSION = YES;
				GCC_WARN_ABOUT_RETURN_TYPE = YES_ERROR;
				GCC_WARN_UNDECLARED_SELECTOR = YES;
				GCC_WARN_UNINITIALIZED_AUTOS = YES_AGGRESSIVE;
				GCC_WARN_UNUSED_FUNCTION = YES;
				GCC_WARN_UNUSED_VARIABLE = YES;
				MACOSX_DEPLOYMENT_TARGET = 10.7;
				MTL_ENABLE_DEBUG_INFO = NO;
				SDKROOT = macosx;
			};
			name = Release;
		};
		AC3A4EFA1AA12F9B00781626 /* Debug */ = {
			isa = XCBuildConfiguration;
			buildSettings = {
				ASSETCATALOG_COMPILER_APPICON_NAME = AppIcon;
				CLANG_ENABLE_OBJC_ARC = YES;
				COMBINE_HIDPI_IMAGES = YES;
				FRAMEWORK_SEARCH_PATHS = (
					"$(inherited)",
					"$(USER_LIBRARY_DIR)/Developer/Xcode/DerivedData/RHPreferences-cosvbmytbofgiedgafmaepmnrzzq/Build/Products/Debug",
					"$(PROJECT_DIR)",
				);
				INFOPLIST_FILE = Vindo/Info.plist;
				LD_RUNPATH_SEARCH_PATHS = "$(inherited) @executable_path/../Frameworks";
				MACOSX_DEPLOYMENT_TARGET = 10.7;
				PRODUCT_NAME = "$(TARGET_NAME)";
			};
			name = Debug;
		};
		AC3A4EFB1AA12F9B00781626 /* Release */ = {
			isa = XCBuildConfiguration;
			buildSettings = {
				ASSETCATALOG_COMPILER_APPICON_NAME = AppIcon;
				CLANG_ENABLE_OBJC_ARC = YES;
				COMBINE_HIDPI_IMAGES = YES;
				FRAMEWORK_SEARCH_PATHS = (
					"$(inherited)",
					"$(USER_LIBRARY_DIR)/Developer/Xcode/DerivedData/RHPreferences-cosvbmytbofgiedgafmaepmnrzzq/Build/Products/Debug",
					"$(PROJECT_DIR)",
				);
				INFOPLIST_FILE = Vindo/Info.plist;
				LD_RUNPATH_SEARCH_PATHS = "$(inherited) @executable_path/../Frameworks";
				MACOSX_DEPLOYMENT_TARGET = 10.7;
				PRODUCT_NAME = "$(TARGET_NAME)";
			};
			name = Release;
		};
/* End XCBuildConfiguration section */

/* Begin XCConfigurationList section */
		AC3A4ED71AA12F9900781626 /* Build configuration list for PBXProject "Vindo" */ = {
			isa = XCConfigurationList;
			buildConfigurations = (
				AC3A4EF71AA12F9B00781626 /* Debug */,
				AC3A4EF81AA12F9B00781626 /* Release */,
			);
			defaultConfigurationIsVisible = 0;
			defaultConfigurationName = Release;
		};
		AC3A4EF91AA12F9B00781626 /* Build configuration list for PBXNativeTarget "Vindo" */ = {
			isa = XCConfigurationList;
			buildConfigurations = (
				AC3A4EFA1AA12F9B00781626 /* Debug */,
				AC3A4EFB1AA12F9B00781626 /* Release */,
			);
			defaultConfigurationIsVisible = 0;
			defaultConfigurationName = Release;
		};
/* End XCConfigurationList section */
	};
	rootObject = AC3A4ED41AA12F9900781626 /* Project object */;
}
